<Solution>
  <Project Path="RecipeBook.Domain/RecipeBook.Domain.csproj" />
  <Project Path="RecipeBook.Application/RecipeBook.Application.csproj" />
  <Project Path="RecipeBook.Infrastructure/RecipeBook.Infrastructure.csproj" />
  <Project Path="RecipeBook.Api/RecipeBook.Api.csproj" />
  <Project Path="RecipeBook.Blazor.Server/RecipeBook.Blazor.Server.csproj" />
  <Project Path="RecipeBook.Domain.Tests/RecipeBook.Domain.Tests.csproj" />
  <Project Path="RecipeBook.Application.Tests/RecipeBook.Application.Tests.csproj" />
  <Project Path="RecipeBook.Infrastructure.Tests/RecipeBook.Infrastructure.Tests.csproj" />
  <Project Path="RecipeBook.Api.Tests/RecipeBook.Api.Tests.csproj" />
  <Project Path="RecipeBook.Blazor.Server.Tests/RecipeBook.Blazor.Server.Tests.csproj" />
</Solution>
